
Microsoft Visual Studio Solution File, Format Version 12.00
# Visual Studio Version 17
VisualStudioVersion = 17.5.2.0
MinimumVisualStudioVersion = 10.0.40219.1
Project("{FAE04EC0-301F-11D3-BF4B-00C04F79EFBC}") = "DemoMicroservice", "DemoMicroservice\DemoMicroservice.csproj", "{C7A61CBF-ABBE-289E-AB47-DCD1D4E69C36}"
EndProject
Project("{FAE04EC0-301F-11D3-BF4B-00C04F79EFBC}") = "Estoque.API", "Estoque.API\Estoque.API.csproj", "{C6B50535-975C-4960-8AF2-AEC32CADD71B}"
EndProject
Project("{FAE04EC0-301F-11D3-BF4B-00C04F79EFBC}") = "Vendas.API", "Vendas.API\Vendas.API.csproj", "{5CAD9B87-A795-4785-9A24-9F0379325661}"
EndProject
Project("{FAE04EC0-301F-11D3-BF4B-00C04F79EFBC}") = "Microsservice.Contracts", "Microsservice.Contracts\Microsservice.Contracts.csproj", "{C9133ECB-CD05-4644-A8A9-87D476A948B3}"
EndProject
Project("{FAE04EC0-301F-11D3-BF4B-00C04F79EFBC}") = "ApiGateway", "ApiGateway\ApiGateway.csproj", "{D818101E-F345-467C-9072-C70365571D13}"
EndProject
Global
	GlobalSection(SolutionConfigurationPlatforms) = preSolution
		Debug|Any CPU = Debug|Any CPU
		Debug|x64 = Debug|x64
		Debug|x86 = Debug|x86
		Release|Any CPU = Release|Any CPU
		Release|x64 = Release|x64
		Release|x86 = Release|x86
	EndGlobalSection
	GlobalSection(ProjectConfigurationPlatforms) = postSolution
		{C7A61CBF-ABBE-289E-AB47-DCD1D4E69C36}.Debug|Any CPU.ActiveCfg = Debug|Any CPU
		{C7A61CBF-ABBE-289E-AB47-DCD1D4E69C36}.Debug|Any CPU.Build.0 = Debug|Any CPU
		{C7A61CBF-ABBE-289E-AB47-DCD1D4E69C36}.Debug|x64.ActiveCfg = Debug|Any CPU
		{C7A61CBF-ABBE-289E-AB47-DCD1D4E69C36}.Debug|x64.Build.0 = Debug|Any CPU
		{C7A61CBF-ABBE-289E-AB47-DCD1D4E69C36}.Debug|x86.ActiveCfg = Debug|Any CPU
		{C7A61CBF-ABBE-289E-AB47-DCD1D4E69C36}.Debug|x86.Build.0 = Debug|Any CPU
		{C7A61CBF-ABBE-289E-AB47-DCD1D4E69C36}.Release|Any CPU.ActiveCfg = Release|Any CPU
		{C7A61CBF-ABBE-289E-AB47-DCD1D4E69C36}.Release|Any CPU.Build.0 = Release|Any CPU
		{C7A61CBF-ABBE-289E-AB47-DCD1D4E69C36}.Release|x64.ActiveCfg = Release|Any CPU
		{C7A61CBF-ABBE-289E-AB47-DCD1D4E69C36}.Release|x64.Build.0 = Release|Any CPU
		{C7A61CBF-ABBE-289E-AB47-DCD1D4E69C36}.Release|x86.ActiveCfg = Release|Any CPU
		{C7A61CBF-ABBE-289E-AB47-DCD1D4E69C36}.Release|x86.Build.0 = Release|Any CPU
		{C6B50535-975C-4960-8AF2-AEC32CADD71B}.Debug|Any CPU.ActiveCfg = Debug|Any CPU
		{C6B50535-975C-4960-8AF2-AEC32CADD71B}.Debug|Any CPU.Build.0 = Debug|Any CPU
		{C6B50535-975C-4960-8AF2-AEC32CADD71B}.Debug|x64.ActiveCfg = Debug|Any CPU
		{C6B50535-975C-4960-8AF2-AEC32CADD71B}.Debug|x64.Build.0 = Debug|Any CPU
		{C6B50535-975C-4960-8AF2-AEC32CADD71B}.Debug|x86.ActiveCfg = Debug|Any CPU
		{C6B50535-975C-4960-8AF2-AEC32CADD71B}.Debug|x86.Build.0 = Debug|Any CPU
		{C6B50535-975C-4960-8AF2-AEC32CADD71B}.Release|Any CPU.ActiveCfg = Release|Any CPU
		{C6B50535-975C-4960-8AF2-AEC32CADD71B}.Release|Any CPU.Build.0 = Release|Any CPU
		{C6B50535-975C-4960-8AF2-AEC32CADD71B}.Release|x64.ActiveCfg = Release|Any CPU
		{C6B50535-975C-4960-8AF2-AEC32CADD71B}.Release|x64.Build.0 = Release|Any CPU
		{C6B50535-975C-4960-8AF2-AEC32CADD71B}.Release|x86.ActiveCfg = Release|Any CPU
		{C6B50535-975C-4960-8AF2-AEC32CADD71B}.Release|x86.Build.0 = Release|Any CPU
		{5CAD9B87-A795-4785-9A24-9F0379325661}.Debug|Any CPU.ActiveCfg = Debug|Any CPU
		{5CAD9B87-A795-4785-9A24-9F0379325661}.Debug|Any CPU.Build.0 = Debug|Any CPU
		{5CAD9B87-A795-4785-9A24-9F0379325661}.Debug|x64.ActiveCfg = Debug|Any CPU
		{5CAD9B87-A795-4785-9A24-9F0379325661}.Debug|x64.Build.0 = Debug|Any CPU
		{5CAD9B87-A795-4785-9A24-9F0379325661}.Debug|x86.ActiveCfg = Debug|Any CPU
		{5CAD9B87-A795-4785-9A24-9F0379325661}.Debug|x86.Build.0 = Debug|Any CPU
		{5CAD9B87-A795-4785-9A24-9F0379325661}.Release|Any CPU.ActiveCfg = Release|Any CPU
		{5CAD9B87-A795-4785-9A24-9F0379325661}.Release|Any CPU.Build.0 = Release|Any CPU
		{5CAD9B87-A795-4785-9A24-9F0379325661}.Release|x64.ActiveCfg = Release|Any CPU
		{5CAD9B87-A795-4785-9A24-9F0379325661}.Release|x64.Build.0 = Release|Any CPU
		{5CAD9B87-A795-4785-9A24-9F0379325661}.Release|x86.ActiveCfg = Release|Any CPU
		{5CAD9B87-A795-4785-9A24-9F0379325661}.Release|x86.Build.0 = Release|Any CPU
		{C9133ECB-CD05-4644-A8A9-87D476A948B3}.Debug|Any CPU.ActiveCfg = Debug|Any CPU
		{C9133ECB-CD05-4644-A8A9-87D476A948B3}.Debug|Any CPU.Build.0 = Debug|Any CPU
		{C9133ECB-CD05-4644-A8A9-87D476A948B3}.Debug|x64.ActiveCfg = Debug|Any CPU
		{C9133ECB-CD05-4644-A8A9-87D476A948B3}.Debug|x64.Build.0 = Debug|Any CPU
		{C9133ECB-CD05-4644-A8A9-87D476A948B3}.Debug|x86.ActiveCfg = Debug|Any CPU
		{C9133ECB-CD05-4644-A8A9-87D476A948B3}.Debug|x86.Build.0 = Debug|Any CPU
		{C9133ECB-CD05-4644-A8A9-87D476A948B3}.Release|Any CPU.ActiveCfg = Release|Any CPU
		{C9133ECB-CD05-4644-A8A9-87D476A948B3}.Release|Any CPU.Build.0 = Release|Any CPU
		{C9133ECB-CD05-4644-A8A9-87D476A948B3}.Release|x64.ActiveCfg = Release|Any CPU
		{C9133ECB-CD05-4644-A8A9-87D476A948B3}.Release|x64.Build.0 = Release|Any CPU
		{C9133ECB-CD05-4644-A8A9-87D476A948B3}.Release|x86.ActiveCfg = Release|Any CPU
		{C9133ECB-CD05-4644-A8A9-87D476A948B3}.Release|x86.Build.0 = Release|Any CPU
		{D818101E-F345-467C-9072-C70365571D13}.Debug|Any CPU.ActiveCfg = Debug|Any CPU
		{D818101E-F345-467C-9072-C70365571D13}.Debug|Any CPU.Build.0 = Debug|Any CPU
		{D818101E-F345-467C-9072-C70365571D13}.Debug|x64.ActiveCfg = Debug|Any CPU
		{D818101E-F345-467C-9072-C70365571D13}.Debug|x64.Build.0 = Debug|Any CPU
		{D818101E-F345-467C-9072-C70365571D13}.Debug|x86.ActiveCfg = Debug|Any CPU
		{D818101E-F345-467C-9072-C70365571D13}.Debug|x86.Build.0 = Debug|Any CPU
		{D818101E-F345-467C-9072-C70365571D13}.Release|Any CPU.ActiveCfg = Release|Any CPU
		{D818101E-F345-467C-9072-C70365571D13}.Release|Any CPU.Build.0 = Release|Any CPU
		{D818101E-F345-467C-9072-C70365571D13}.Release|x64.ActiveCfg = Release|Any CPU
		{D818101E-F345-467C-9072-C70365571D13}.Release|x64.Build.0 = Release|Any CPU
		{D818101E-F345-467C-9072-C70365571D13}.Release|x86.ActiveCfg = Release|Any CPU
		{D818101E-F345-467C-9072-C70365571D13}.Release|x86.Build.0 = Release|Any CPU
	EndGlobalSection
	GlobalSection(SolutionProperties) = preSolution
		HideSolutionNode = FALSE
	EndGlobalSection
	GlobalSection(ExtensibilityGlobals) = postSolution
		SolutionGuid = {328DF9FD-8EBB-4155-9C15-AB18862D0434}
	EndGlobalSection
EndGlobal
